
Microsoft Visual Studio Solution File, Format Version 12.00
# Visual Studio Version 17
VisualStudioVersion = 17.3.32929.385
MinimumVisualStudioVersion = 10.0.40219.1
Project("{FAE04EC0-301F-11D3-BF4B-00C04F79EFBC}") = "Homework7", "Homework7\Homework7.csproj", "{D59FB6DE-E153-4ADB-BDD8-072850103B9D}"
EndProject
Global
	GlobalSection(SolutionConfigurationPlatforms) = preSolution
		Debug|Any CPU = Debug|Any CPU
		Release|Any CPU = Release|Any CPU
	EndGlobalSection
	GlobalSection(ProjectConfigurationPlatforms) = postSolution
		{D59FB6DE-E153-4ADB-BDD8-072850103B9D}.Debug|Any CPU.ActiveCfg = Debug|Any CPU
		{D59FB6DE-E153-4ADB-BDD8-072850103B9D}.Debug|Any CPU.Build.0 = Debug|Any CPU
		{D59FB6DE-E153-4ADB-BDD8-072850103B9D}.Release|Any CPU.ActiveCfg = Release|Any CPU
		{D59FB6DE-E153-4ADB-BDD8-072850103B9D}.Release|Any CPU.Build.0 = Release|Any CPU
	EndGlobalSection
	GlobalSection(SolutionProperties) = preSolution
		HideSolutionNode = FALSE
	EndGlobalSection
	GlobalSection(ExtensibilityGlobals) = postSolution
		SolutionGuid = {C6B5AD13-3DD2-4B20-BAA0-FDF3F54790C9}
	EndGlobalSection
EndGlobal
